
Microsoft Visual Studio Solution File, Format Version 12.00
# Visual Studio Version 17
VisualStudioVersion = 17.5.33530.505
MinimumVisualStudioVersion = 10.0.40219.1
Project("{FAE04EC0-301F-11D3-BF4B-00C04F79EFBC}") = "form đăng ký đăng nhập", "form đăng ký đăng nhập\form đăng ký đăng nhập.csproj", "{6BAB8BD8-F4EC-48AE-A7DD-741C17A9367E}"
EndProject
Global
	GlobalSection(SolutionConfigurationPlatforms) = preSolution
		Debug|Any CPU = Debug|Any CPU
		Release|Any CPU = Release|Any CPU
	EndGlobalSection
	GlobalSection(ProjectConfigurationPlatforms) = postSolution
		{6BAB8BD8-F4EC-48AE-A7DD-741C17A9367E}.Debug|Any CPU.ActiveCfg = Debug|Any CPU
		{6BAB8BD8-F4EC-48AE-A7DD-741C17A9367E}.Debug|Any CPU.Build.0 = Debug|Any CPU
		{6BAB8BD8-F4EC-48AE-A7DD-741C17A9367E}.Release|Any CPU.ActiveCfg = Release|Any CPU
		{6BAB8BD8-F4EC-48AE-A7DD-741C17A9367E}.Release|Any CPU.Build.0 = Release|Any CPU
	EndGlobalSection
	GlobalSection(SolutionProperties) = preSolution
		HideSolutionNode = FALSE
	EndGlobalSection
	GlobalSection(ExtensibilityGlobals) = postSolution
		SolutionGuid = {45ADDF65-9A0B-4CDF-91CE-EC9DD4498E0E}
	EndGlobalSection
EndGlobal
